
Microsoft Visual Studio Solution File, Format Version 12.00
# Visual Studio Version 16
VisualStudioVersion = 16.0.30907.101
MinimumVisualStudioVersion = 10.0.40219.1
Project("{9A19103F-16F7-4668-BE54-9A1E7A4F7556}") = "TestTask", "TestTask.csproj", "{AA8227AC-80EA-4D4A-813A-2ACD7EC50531}"
EndProject
Project("{FAE04EC0-301F-11D3-BF4B-00C04F79EFBC}") = "UnitTests", "..\UnitTests\UnitTests.csproj", "{DF025888-ACF7-4765-B8DD-F30437F948D6}"
EndProject
Global
	GlobalSection(SolutionConfigurationPlatforms) = preSolution
		Debug|Any CPU = Debug|Any CPU
		Release|Any CPU = Release|Any CPU
	EndGlobalSection
	GlobalSection(ProjectConfigurationPlatforms) = postSolution
		{AA8227AC-80EA-4D4A-813A-2ACD7EC50531}.Debug|Any CPU.ActiveCfg = Debug|Any CPU
		{AA8227AC-80EA-4D4A-813A-2ACD7EC50531}.Debug|Any CPU.Build.0 = Debug|Any CPU
		{AA8227AC-80EA-4D4A-813A-2ACD7EC50531}.Release|Any CPU.ActiveCfg = Release|Any CPU
		{AA8227AC-80EA-4D4A-813A-2ACD7EC50531}.Release|Any CPU.Build.0 = Release|Any CPU
		{DF025888-ACF7-4765-B8DD-F30437F948D6}.Debug|Any CPU.ActiveCfg = Debug|Any CPU
		{DF025888-ACF7-4765-B8DD-F30437F948D6}.Debug|Any CPU.Build.0 = Debug|Any CPU
		{DF025888-ACF7-4765-B8DD-F30437F948D6}.Release|Any CPU.ActiveCfg = Release|Any CPU
		{DF025888-ACF7-4765-B8DD-F30437F948D6}.Release|Any CPU.Build.0 = Release|Any CPU
	EndGlobalSection
	GlobalSection(SolutionProperties) = preSolution
		HideSolutionNode = FALSE
	EndGlobalSection
	GlobalSection(ExtensibilityGlobals) = postSolution
		SolutionGuid = {00917894-6F01-457B-B44F-632C16BE7657}
	EndGlobalSection
EndGlobal
